
Microsoft Visual Studio Solution File, Format Version 12.00
# Visual Studio Version 17
VisualStudioVersion = 17.1.32328.378
MinimumVisualStudioVersion = 10.0.40219.1
Project("{FAE04EC0-301F-11D3-BF4B-00C04F79EFBC}") = "ReceiverAPI", "ReceiverAPI\ReceiverAPI.csproj", "{2676B16F-63AE-4FE9-B705-9BEA25818C9A}"
EndProject
Global
	GlobalSection(SolutionConfigurationPlatforms) = preSolution
		Debug|Any CPU = Debug|Any CPU
		Release|Any CPU = Release|Any CPU
	EndGlobalSection
	GlobalSection(ProjectConfigurationPlatforms) = postSolution
		{2676B16F-63AE-4FE9-B705-9BEA25818C9A}.Debug|Any CPU.ActiveCfg = Debug|Any CPU
		{2676B16F-63AE-4FE9-B705-9BEA25818C9A}.Debug|Any CPU.Build.0 = Debug|Any CPU
		{2676B16F-63AE-4FE9-B705-9BEA25818C9A}.Release|Any CPU.ActiveCfg = Release|Any CPU
		{2676B16F-63AE-4FE9-B705-9BEA25818C9A}.Release|Any CPU.Build.0 = Release|Any CPU
	EndGlobalSection
	GlobalSection(SolutionProperties) = preSolution
		HideSolutionNode = FALSE
	EndGlobalSection
	GlobalSection(ExtensibilityGlobals) = postSolution
		SolutionGuid = {EF2BAD1A-B55F-4540-9015-8BB2CAF09129}
	EndGlobalSection
EndGlobal
